# This is a Gradle generated file for dependency locking.
# Manual edits can break the build and are not advised.
# This file is expected to be part of source control.
androidx.activity:activity-ktx:1.12.2=releaseRuntimeClasspath
androidx.activity:activity:1.12.2=releaseRuntimeClasspath
androidx.annotation:annotation-experimental:1.5.0=releaseRuntimeClasspath
androidx.annotation:annotation-jvm:1.9.1=releaseRuntimeClasspath
androidx.annotation:annotation:1.9.1=releaseRuntimeClasspath
androidx.appcompat:appcompat-resources:1.7.1=releaseRuntimeClasspath
androidx.appcompat:appcompat:1.7.1=releaseRuntimeClasspath
androidx.arch.core:core-common:2.2.0=releaseRuntimeClasspath
androidx.arch.core:core-runtime:2.2.0=releaseRuntimeClasspath
androidx.cardview:cardview:1.0.0=releaseRuntimeClasspath
androidx.collection:collection-jvm:1.5.0=releaseRuntimeClasspath
androidx.collection:collection-ktx:1.5.0=releaseRuntimeClasspath
androidx.collection:collection:1.5.0=releaseRuntimeClasspath
androidx.compose.runtime:runtime-annotation-android:1.9.0=releaseRuntimeClasspath
androidx.compose.runtime:runtime-annotation:1.9.0=releaseRuntimeClasspath
androidx.concurrent:concurrent-futures:1.1.0=releaseRuntimeClasspath
androidx.constraintlayout:constraintlayout-core:1.1.1=releaseRuntimeClasspath
androidx.constraintlayout:constraintlayout:2.2.1=releaseRuntimeClasspath
androidx.coordinatorlayout:coordinatorlayout:1.1.0=releaseRuntimeClasspath
androidx.core:core-ktx:1.17.0=releaseRuntimeClasspath
androidx.core:core-viewtree:1.0.0=releaseRuntimeClasspath
androidx.core:core:1.17.0=releaseRuntimeClasspath
androidx.cursoradapter:cursoradapter:1.0.0=releaseRuntimeClasspath
androidx.customview:customview-poolingcontainer:1.0.0=releaseRuntimeClasspath
androidx.customview:customview:1.1.0=releaseRuntimeClasspath
androidx.databinding:viewbinding:8.9.1=releaseRuntimeClasspath
androidx.drawerlayout:drawerlayout:1.1.1=releaseRuntimeClasspath
androidx.dynamicanimation:dynamicanimation:1.1.0=releaseRuntimeClasspath
androidx.emoji2:emoji2-views-helper:1.3.0=releaseRuntimeClasspath
androidx.emoji2:emoji2:1.3.0=releaseRuntimeClasspath
androidx.fragment:fragment-ktx:1.8.9=releaseRuntimeClasspath
androidx.fragment:fragment:1.8.9=releaseRuntimeClasspath
androidx.graphics:graphics-shapes-android:1.0.1=releaseRuntimeClasspath
androidx.graphics:graphics-shapes:1.0.1=releaseRuntimeClasspath
androidx.interpolator:interpolator:1.0.0=releaseRuntimeClasspath
androidx.lifecycle:lifecycle-common-jvm:2.10.0=releaseRuntimeClasspath
androidx.lifecycle:lifecycle-common:2.10.0=releaseRuntimeClasspath
androidx.lifecycle:lifecycle-livedata-core-ktx:2.10.0=releaseRuntimeClasspath
androidx.lifecycle:lifecycle-livedata-core:2.10.0=releaseRuntimeClasspath
androidx.lifecycle:lifecycle-livedata-ktx:2.10.0=releaseRuntimeClasspath
androidx.lifecycle:lifecycle-livedata:2.10.0=releaseRuntimeClasspath
androidx.lifecycle:lifecycle-process:2.10.0=releaseRuntimeClasspath
androidx.lifecycle:lifecycle-runtime-android:2.10.0=releaseRuntimeClasspath
androidx.lifecycle:lifecycle-runtime-ktx-android:2.10.0=releaseRuntimeClasspath
androidx.lifecycle:lifecycle-runtime-ktx:2.10.0=releaseRuntimeClasspath
androidx.lifecycle:lifecycle-runtime:2.10.0=releaseRuntimeClasspath
androidx.lifecycle:lifecycle-viewmodel-android:2.10.0=releaseRuntimeClasspath
androidx.lifecycle:lifecycle-viewmodel-ktx:2.10.0=releaseRuntimeClasspath
androidx.lifecycle:lifecycle-viewmodel-savedstate-android:2.10.0=releaseRuntimeClasspath
androidx.lifecycle:lifecycle-viewmodel-savedstate:2.10.0=releaseRuntimeClasspath
androidx.lifecycle:lifecycle-viewmodel:2.10.0=releaseRuntimeClasspath
androidx.loader:loader:1.0.0=releaseRuntimeClasspath
androidx.navigationevent:navigationevent-android:1.0.1=releaseRuntimeClasspath
androidx.navigationevent:navigationevent:1.0.1=releaseRuntimeClasspath
androidx.profileinstaller:profileinstaller:1.4.0=releaseRuntimeClasspath
androidx.recyclerview:recyclerview:1.4.0=releaseRuntimeClasspath
androidx.resourceinspection:resourceinspection-annotation:1.0.1=releaseRuntimeClasspath
androidx.room:room-common-jvm:2.8.4=releaseRuntimeClasspath
androidx.room:room-common:2.8.4=releaseRuntimeClasspath
androidx.room:room-ktx:2.8.4=releaseRuntimeClasspath
androidx.room:room-runtime-android:2.8.4=releaseRuntimeClasspath
androidx.room:room-runtime:2.8.4=releaseRuntimeClasspath
androidx.savedstate:savedstate-android:1.4.0=releaseRuntimeClasspath
androidx.savedstate:savedstate-ktx:1.4.0=releaseRuntimeClasspath
androidx.savedstate:savedstate:1.4.0=releaseRuntimeClasspath
androidx.sqlite:sqlite-android:2.6.2=releaseRuntimeClasspath
androidx.sqlite:sqlite-framework-android:2.6.2=releaseRuntimeClasspath
androidx.sqlite:sqlite-framework:2.6.2=releaseRuntimeClasspath
androidx.sqlite:sqlite:2.6.2=releaseRuntimeClasspath
androidx.startup:startup-runtime:1.1.1=releaseRuntimeClasspath
androidx.tracing:tracing:1.2.0=releaseRuntimeClasspath
androidx.transition:transition:1.5.0=releaseRuntimeClasspath
androidx.vectordrawable:vectordrawable-animated:1.1.0=releaseRuntimeClasspath
androidx.vectordrawable:vectordrawable:1.1.0=releaseRuntimeClasspath
androidx.versionedparcelable:versionedparcelable:1.1.1=releaseRuntimeClasspath
androidx.viewpager2:viewpager2:1.1.0-beta02=releaseRuntimeClasspath
androidx.viewpager:viewpager:1.0.0=releaseRuntimeClasspath
com.github.UnifiedPush:android-connector:3.0.10=releaseRuntimeClasspath
com.google.android.material:material:1.13.0=releaseRuntimeClasspath
com.google.code.findbugs:jsr305:3.0.2=releaseRuntimeClasspath
com.google.code.gson:gson:2.13.1=releaseRuntimeClasspath
com.google.crypto.tink:tink:1.17.0=releaseRuntimeClasspath
com.google.errorprone:error_prone_annotations:2.38.0=releaseRuntimeClasspath
com.google.guava:listenablefuture:1.0=releaseRuntimeClasspath
com.google.protobuf:protobuf-java:4.28.2=releaseRuntimeClasspath
com.squareup.okhttp3:okhttp:4.12.0=releaseRuntimeClasspath
com.squareup.okio:okio-jvm:3.6.0=releaseRuntimeClasspath
com.squareup.okio:okio:3.6.0=releaseRuntimeClasspath
org.jetbrains.kotlin:kotlin-bom:1.8.22=releaseRuntimeClasspath
org.jetbrains.kotlin:kotlin-stdlib-common:2.1.20=releaseRuntimeClasspath
org.jetbrains.kotlin:kotlin-stdlib-jdk7:1.9.10=releaseRuntimeClasspath
org.jetbrains.kotlin:kotlin-stdlib-jdk8:1.9.10=releaseRuntimeClasspath
org.jetbrains.kotlin:kotlin-stdlib:2.1.20=releaseRuntimeClasspath
org.jetbrains.kotlinx:kotlinx-coroutines-android:1.9.0=releaseRuntimeClasspath
org.jetbrains.kotlinx:kotlinx-coroutines-bom:1.9.0=releaseRuntimeClasspath
org.jetbrains.kotlinx:kotlinx-coroutines-core-jvm:1.9.0=releaseRuntimeClasspath
org.jetbrains.kotlinx:kotlinx-coroutines-core:1.9.0=releaseRuntimeClasspath
org.jetbrains.kotlinx:kotlinx-serialization-bom:1.7.3=releaseRuntimeClasspath
org.jetbrains.kotlinx:kotlinx-serialization-core-jvm:1.7.3=releaseRuntimeClasspath
org.jetbrains.kotlinx:kotlinx-serialization-core:1.7.3=releaseRuntimeClasspath
org.jetbrains:annotations:23.0.0=releaseRuntimeClasspath
org.jspecify:jspecify:1.0.0=releaseRuntimeClasspath
empty=
